<?xml version="1.0" encoding="utf-8"?>
<Project ToolsVersion="4.0" xmlns="http://schemas.microsoft.com/developer/msbuild/2003">
  <ItemGroup>
    <Filter Include="Source Files">
      <UniqueIdentifier>{4FC737F1-C7A5-4376-A066-2A32D752A2FF}</UniqueIdentifier>
      <Extensions>cpp;c;cc;cxx;def;odl;idl;hpj;bat;asm;asmx</Extensions>
    </Filter>
    <Filter Include="Header Files">
      <UniqueIdentifier>{93995380-89BD-4b04-88EB-625FBE52EBFB}</UniqueIdentifier>
      <Extensions>h;hh;hpp;hxx;hm;inl;inc;xsd</Extensions>
    </Filter>
    <Filter Include="Resource Files">
      <UniqueIdentifier>{67DA6AB6-F800-4c08-8B7A-83BB121AAD01}</UniqueIdentifier>
      <Extensions>rc;ico;cur;bmp;dlg;rc2;rct;bin;rgs;gif;jpg;jpeg;jpe;resx;tiff;tif;png;wav;mfcribbon-ms</Extensions>
    </Filter>
  </ItemGroup>
  <ItemGroup>
    <ClCompile Include="abs.c">
      <Filter>Source Files</Filter>
    </ClCompile>
    <ClCompile Include="bspline.c">
      <Filter>Source Files</Filter>
    </ClCompile>
    <ClCompile Include="bspline_inv.c">
      <Filter>Source Files</Filter>
    </ClCompile>
    <ClCompile Include="bspline_single.c">
      <Filter>Source Files</Filter>
    </ClCompile>
    <ClCompile Include="ceil.c">
      <Filter>Source Files</Filter>
    </ClCompile>
    <ClCompile Include="correspondence_emxAPI.c">
      <Filter>Source Files</Filter>
    </ClCompile>
    <ClCompile Include="correspondence_emxutil.c">
      <Filter>Source Files</Filter>
    </ClCompile>
    <ClCompile Include="correspondence_initialize.c">
      <Filter>Source Files</Filter>
    </ClCompile>
    <ClCompile Include="correspondence_rtwutil.c">
      <Filter>Source Files</Filter>
    </ClCompile>
    <ClCompile Include="correspondence_terminate.c">
      <Filter>Source Files</Filter>
    </ClCompile>
    <ClCompile Include="eml_setop.c">
      <Filter>Source Files</Filter>
    </ClCompile>
    <ClCompile Include="eml_sort.c">
      <Filter>Source Files</Filter>
    </ClCompile>
    <ClCompile Include="extension.c">
      <Filter>Source Files</Filter>
    </ClCompile>
    <ClCompile Include="floor.c">
      <Filter>Source Files</Filter>
    </ClCompile>
    <ClCompile Include="getPixelsValue.c">
      <Filter>Source Files</Filter>
    </ClCompile>
    <ClCompile Include="mean.c">
      <Filter>Source Files</Filter>
    </ClCompile>
    <ClCompile Include="merging.c">
      <Filter>Source Files</Filter>
    </ClCompile>
    <ClCompile Include="mod.c">
      <Filter>Source Files</Filter>
    </ClCompile>
    <ClCompile Include="pinv.c">
      <Filter>Source Files</Filter>
    </ClCompile>
    <ClCompile Include="power.c">
      <Filter>Source Files</Filter>
    </ClCompile>
    <ClCompile Include="rdivide.c">
      <Filter>Source Files</Filter>
    </ClCompile>
    <ClCompile Include="repmat.c">
      <Filter>Source Files</Filter>
    </ClCompile>
    <ClCompile Include="rt_nonfinite.c">
      <Filter>Source Files</Filter>
    </ClCompile>
    <ClCompile Include="rtGetInf.c">
      <Filter>Source Files</Filter>
    </ClCompile>
    <ClCompile Include="rtGetNaN.c">
      <Filter>Source Files</Filter>
    </ClCompile>
    <ClCompile Include="segmentation.c">
      <Filter>Source Files</Filter>
    </ClCompile>
    <ClCompile Include="sortrows.c">
      <Filter>Source Files</Filter>
    </ClCompile>
    <ClCompile Include="std.c">
      <Filter>Source Files</Filter>
    </ClCompile>
    <ClCompile Include="sum.c">
      <Filter>Source Files</Filter>
    </ClCompile>
    <ClCompile Include="main.cpp">
      <Filter>Source Files</Filter>
    </ClCompile>
  </ItemGroup>
  <ItemGroup>
    <ClInclude Include="abs.h">
      <Filter>Header Files</Filter>
    </ClInclude>
    <ClInclude Include="bspline.h">
      <Filter>Header Files</Filter>
    </ClInclude>
    <ClInclude Include="bspline_inv.h">
      <Filter>Header Files</Filter>
    </ClInclude>
    <ClInclude Include="bspline_single.h">
      <Filter>Header Files</Filter>
    </ClInclude>
    <ClInclude Include="ceil.h">
      <Filter>Header Files</Filter>
    </ClInclude>
    <ClInclude Include="correspondence_emxAPI.h">
      <Filter>Header Files</Filter>
    </ClInclude>
    <ClInclude Include="correspondence_emxutil.h">
      <Filter>Header Files</Filter>
    </ClInclude>
    <ClInclude Include="correspondence_initialize.h">
      <Filter>Header Files</Filter>
    </ClInclude>
    <ClInclude Include="correspondence_rtwutil.h">
      <Filter>Header Files</Filter>
    </ClInclude>
    <ClInclude Include="correspondence_terminate.h">
      <Filter>Header Files</Filter>
    </ClInclude>
    <ClInclude Include="correspondence_types.h">
      <Filter>Header Files</Filter>
    </ClInclude>
    <ClInclude Include="eml_setop.h">
      <Filter>Header Files</Filter>
    </ClInclude>
    <ClInclude Include="eml_sort.h">
      <Filter>Header Files</Filter>
    </ClInclude>
    <ClInclude Include="extension.h">
      <Filter>Header Files</Filter>
    </ClInclude>
    <ClInclude Include="floor.h">
      <Filter>Header Files</Filter>
    </ClInclude>
    <ClInclude Include="getPixelsValue.h">
      <Filter>Header Files</Filter>
    </ClInclude>
    <ClInclude Include="mean.h">
      <Filter>Header Files</Filter>
    </ClInclude>
    <ClInclude Include="merging.h">
      <Filter>Header Files</Filter>
    </ClInclude>
    <ClInclude Include="mod.h">
      <Filter>Header Files</Filter>
    </ClInclude>
    <ClInclude Include="pinv.h">
      <Filter>Header Files</Filter>
    </ClInclude>
    <ClInclude Include="power.h">
      <Filter>Header Files</Filter>
    </ClInclude>
    <ClInclude Include="rdivide.h">
      <Filter>Header Files</Filter>
    </ClInclude>
    <ClInclude Include="repmat.h">
      <Filter>Header Files</Filter>
    </ClInclude>
    <ClInclude Include="rt_nonfinite.h">
      <Filter>Header Files</Filter>
    </ClInclude>
    <ClInclude Include="rtGetInf.h">
      <Filter>Header Files</Filter>
    </ClInclude>
    <ClInclude Include="rtGetNaN.h">
      <Filter>Header Files</Filter>
    </ClInclude>
    <ClInclude Include="rtwtypes.h">
      <Filter>Header Files</Filter>
    </ClInclude>
    <ClInclude Include="segmentation.h">
      <Filter>Header Files</Filter>
    </ClInclude>
    <ClInclude Include="sortrows.h">
      <Filter>Header Files</Filter>
    </ClInclude>
    <ClInclude Include="std.h">
      <Filter>Header Files</Filter>
    </ClInclude>
    <ClInclude Include="sum.h">
      <Filter>Header Files</Filter>
    </ClInclude>
  </ItemGroup>
</Project>